{
  "version": 4,
  "terraform_version": "1.15.6",
  "serial": 20,
  "lineage": "38d309bb-d2db-5dae-215c-9954c03f727d",
  "outputs": {
    "gateway_name": {
      "value": "todolist-apim",
      "type": "string"
    },
    "gateway_url": {
      "value": "https://todolist-apim.azure-api.net",
      "type": "string"
    },
    "nic_id": {
      "value": "/subscriptions/458daca9-4ccb-4cc5-8f9c-91a2ccb6ca71/resourceGroups/teste-rg/providers/Microsoft.Network/networkInterfaces/devops-nic",
      "type": "string"
    },
    "public_ip": {
      "value": "130.131.8.46",
      "type": "string"
    },
    "vm_id": {
      "value": "/subscriptions/458daca9-4ccb-4cc5-8f9c-91a2ccb6ca71/resourceGroups/teste-rg/providers/Microsoft.Compute/virtualMachines/trabalho-devops-vm",
      "type": "string"
    },
    "vm_name": {
      "value": "trabalho-devops-vm",
      "type": "string"
    },
    "vm_public_ip": {
      "value": "130.131.8.46",
      "type": "string"
    }
  },
  "resources": [
    {
      "mode": "managed",
      "type": "azurerm_resource_group",
      "name": "rg",
      "provider": "provider[\"registry.terraform.io/hashicorp/azurerm\"]",
      "instances": [
        {
          "schema_version": 0,
          "attributes": {
            "id": "/subscriptions/458daca9-4ccb-4cc5-8f9c-91a2ccb6ca71/resourceGroups/teste-rg",
            "location": "northcentralus",
            "managed_by": "",
            "name": "teste-rg",
            "tags": {},
            "timeouts": null
          },
          "sensitive_attributes": [],
          "identity_schema_version": 0,
          "identity": {
            "name": "teste-rg",
            "subscription_id": "458daca9-4ccb-4cc5-8f9c-91a2ccb6ca71"
          },
          "private": "eyJlMmJmYjczMC1lY2FhLTExZTYtOGY4OC0zNDM2M2JjN2M0YzAiOnsiY3JlYXRlIjo1NDAwMDAwMDAwMDAwLCJkZWxldGUiOjU0MDAwMDAwMDAwMDAsInJlYWQiOjMwMDAwMDAwMDAwMCwidXBkYXRlIjo1NDAwMDAwMDAwMDAwfX0="
        }
      ]
    },
    {
      "module": "module.compute",
      "mode": "managed",
      "type": "azurerm_linux_virtual_machine",
      "name": "vm",
      "provider": "provider[\"registry.terraform.io/hashicorp/azurerm\"]",
      "instances": [
        {
          "schema_version": 0,
          "attributes": {
            "additional_capabilities": [],
            "admin_password": null,
            "admin_ssh_key": [
              {
                "public_key": "ssh-rsa AAAAB3NzaC1yc2EAAAADAQABAAACAQDVYMhEjDU1CDH45CfcYdJRnDE2aGerhtCkfLZe/MyxIj/B62qzoPsZ1Anq6zd8DLkcFShDVyhZq/ULEAGbTBsQZuu569pANh/GehqEu54kr16J0S83WHIXPVBuIjAT0CuvJ513Lrz1QREmb8zQFtrExmoVzxhwfOmIiZB8LvMwhL0yq8XiDSmidG8wEzqCLu8gFRUvBva7CuOcjWbZjdWdinmH5xXWXA8rrYJ+l7ByktFQnnpuyWzIve5gCVRhqoBRuzE/f1xewW2HdXPY2+9TCe2F/5OONLah12LH9JHtSA6U9a4Xk1+GIzDL4ya/oG3lXcJ/RKncBqD36z/5OtSRy1tOODPsGsgfTGPM5u1+4e2Tg5Ft1imNDlfczSl7YI9SSqJ+qWees6JwcLHgPLRdU8quOtmWduS/vnWJY1tbDMtOZC7Bmh0SOevUBtf+onfGl6N7/ha57UpBw6PuwnrI2jbxxE0WokUZNCTuq8dITAdsQpXsblCsW61DPpe4uyP0jAjXHquf4iIJMCI/kqekENJPNLkCulcuqFKOPoF9RdvoI6a2rRNkwX27b8OJ4DTfmBc0EutvbvSiwdX125EARckCQxiLRUTb5KUzD2p+5VAxBcHRuAAFmx6AA50znVnIuN8/cjUaBqNdAslpjBLCrb2WYKbMm7JzmYDoro0cEw== santanabianca447@gmail.com\n",
                "username": "azureuser"
              }
            ],
            "admin_username": "azureuser",
            "allow_extension_operations": true,
            "availability_set_id": "",
            "boot_diagnostics": [],
            "bypass_platform_safety_checks_on_user_schedule_enabled": false,
            "capacity_reservation_group_id": "",
            "computer_name": "trabalho-devops-vm",
            "custom_data": null,
            "dedicated_host_group_id": "",
            "dedicated_host_id": "",
            "disable_password_authentication": true,
            "disk_controller_type": "",
            "edge_zone": "",
            "encryption_at_host_enabled": false,
            "eviction_policy": "",
            "extensions_time_budget": "PT1H30M",
            "gallery_application": [],
            "id": "/subscriptions/458daca9-4ccb-4cc5-8f9c-91a2ccb6ca71/resourceGroups/teste-rg/providers/Microsoft.Compute/virtualMachines/trabalho-devops-vm",
            "identity": [],
            "license_type": "",
            "location": "northcentralus",
            "max_bid_price": -1,
            "name": "trabalho-devops-vm",
            "network_interface_ids": [
              "/subscriptions/458daca9-4ccb-4cc5-8f9c-91a2ccb6ca71/resourceGroups/teste-rg/providers/Microsoft.Network/networkInterfaces/devops-nic"
            ],
            "os_disk": [
              {
                "caching": "ReadWrite",
                "diff_disk_settings": [],
                "disk_encryption_set_id": "",
                "disk_size_gb": 30,
                "id": "/subscriptions/458daca9-4ccb-4cc5-8f9c-91a2ccb6ca71/resourceGroups/teste-rg/providers/Microsoft.Compute/disks/trabalho-devops-vm_OsDisk_1_779b616626294adaba57fe6be5d6b848",
                "name": "trabalho-devops-vm_OsDisk_1_779b616626294adaba57fe6be5d6b848",
                "secure_vm_disk_encryption_set_id": "",
                "security_encryption_type": "",
                "storage_account_type": "Standard_LRS",
                "write_accelerator_enabled": false
              }
            ],
            "os_image_notification": [],
            "os_managed_disk_id": "/subscriptions/458daca9-4ccb-4cc5-8f9c-91a2ccb6ca71/resourceGroups/teste-rg/providers/Microsoft.Compute/disks/trabalho-devops-vm_OsDisk_1_779b616626294adaba57fe6be5d6b848",
            "patch_assessment_mode": "ImageDefault",
            "patch_mode": "ImageDefault",
            "plan": [],
            "platform_fault_domain": -1,
            "priority": "Regular",
            "private_ip_address": "10.0.1.4",
            "private_ip_addresses": [
              "10.0.1.4"
            ],
            "provision_vm_agent": true,
            "proximity_placement_group_id": "",
            "public_ip_address": "130.131.8.46",
            "public_ip_addresses": [
              "130.131.8.46"
            ],
            "reboot_setting": "",
            "resource_group_name": "teste-rg",
            "secret": [],
            "secure_boot_enabled": false,
            "size": "Standard_B2ats_v2",
            "source_image_id": "",
            "source_image_reference": [
              {
                "offer": "0001-com-ubuntu-server-jammy",
                "publisher": "Canonical",
                "sku": "22_04-lts",
                "version": "latest"
              }
            ],
            "tags": {},
            "termination_notification": [],
            "timeouts": null,
            "user_data": "",
            "virtual_machine_id": "b1498589-9e97-4f27-a161-d15d1f57552c",
            "virtual_machine_scale_set_id": "",
            "vm_agent_platform_updates_enabled": false,
            "vtpm_enabled": false,
            "zone": ""
          },
          "sensitive_attributes": [
            [
              {
                "type": "get_attr",
                "value": "admin_password"
              }
            ],
            [
              {
                "type": "get_attr",
                "value": "custom_data"
              }
            ]
          ],
          "identity_schema_version": 0,
          "private": "eyJlMmJmYjczMC1lY2FhLTExZTYtOGY4OC0zNDM2M2JjN2M0YzAiOnsiY3JlYXRlIjoyNzAwMDAwMDAwMDAwLCJkZWxldGUiOjI3MDAwMDAwMDAwMDAsInJlYWQiOjMwMDAwMDAwMDAwMCwidXBkYXRlIjoyNzAwMDAwMDAwMDAwfX0=",
          "dependencies": [
            "azurerm_resource_group.rg",
            "module.network.azurerm_network_interface.nic",
            "module.network.azurerm_public_ip.public_ip",
            "module.network.azurerm_subnet.subnet",
            "module.network.azurerm_virtual_network.vnet"
          ]
        }
      ]
    },
    {
      "module": "module.database",
      "mode": "managed",
      "type": "azurerm_postgresql_flexible_server",
      "name": "postgres",
      "provider": "provider[\"registry.terraform.io/hashicorp/azurerm\"]",
      "instances": [
        {
          "schema_version": 0,
          "attributes": {
            "administrator_login": "postgresadmin",
            "administrator_password": "123456",
            "administrator_password_wo": null,
            "administrator_password_wo_version": 0,
            "authentication": [
              {
                "active_directory_auth_enabled": false,
                "password_auth_enabled": true,
                "tenant_id": ""
              }
            ],
            "auto_grow_enabled": false,
            "backup_retention_days": 7,
            "cluster": [],
            "create_mode": null,
            "customer_managed_key": [],
            "delegated_subnet_id": "",
            "fqdn": "todolist-postgres.postgres.database.azure.com",
            "geo_redundant_backup_enabled": false,
            "high_availability": [],
            "id": "/subscriptions/458daca9-4ccb-4cc5-8f9c-91a2ccb6ca71/resourceGroups/teste-rg/providers/Microsoft.DBforPostgreSQL/flexibleServers/todolist-postgres",
            "identity": [],
            "location": "northcentralus",
            "maintenance_window": [],
            "name": "todolist-postgres",
            "point_in_time_restore_time_in_utc": "",
            "private_dns_zone_id": "",
            "public_network_access_enabled": true,
            "replication_role": "",
            "resource_group_name": "teste-rg",
            "sku_name": "B_Standard_B1ms",
            "source_server_id": "",
            "storage_mb": 32768,
            "storage_tier": "P4",
            "tags": {},
            "timeouts": null,
            "version": "16",
            "zone": ""
          },
          "sensitive_attributes": [
            [
              {
                "type": "get_attr",
                "value": "administrator_password"
              }
            ]
          ],
          "identity_schema_version": 0,
          "private": "eyJlMmJmYjczMC1lY2FhLTExZTYtOGY4OC0zNDM2M2JjN2M0YzAiOnsiY3JlYXRlIjozNjAwMDAwMDAwMDAwLCJkZWxldGUiOjM2MDAwMDAwMDAwMDAsInJlYWQiOjMwMDAwMDAwMDAwMCwidXBkYXRlIjozNjAwMDAwMDAwMDAwfX0=",
          "dependencies": [
            "azurerm_resource_group.rg"
          ]
        }
      ]
    },
    {
      "module": "module.gateway",
      "mode": "managed",
      "type": "azurerm_api_management",
      "name": "gateway",
      "provider": "provider[\"registry.terraform.io/hashicorp/azurerm\"]",
      "instances": [
        {
          "schema_version": 0,
          "attributes": {
            "additional_location": [],
            "certificate": [],
            "client_certificate_enabled": false,
            "delegation": [],
            "developer_portal_url": "",
            "gateway_disabled": false,
            "gateway_regional_url": "",
            "gateway_url": "https://todolist-apim.azure-api.net",
            "hostname_configuration": [
              {
                "developer_portal": [],
                "management": [],
                "portal": [],
                "proxy": [
                  {
                    "certificate": "",
                    "certificate_password": "",
                    "certificate_source": "BuiltIn",
                    "certificate_status": "",
                    "default_ssl_binding": true,
                    "expiry": "",
                    "host_name": "todolist-apim.azure-api.net",
                    "key_vault_certificate_id": "",
                    "key_vault_id": "",
                    "negotiate_client_certificate": false,
                    "ssl_keyvault_identity_client_id": "",
                    "subject": "",
                    "thumbprint": ""
                  }
                ],
                "scm": []
              }
            ],
            "id": "/subscriptions/458daca9-4ccb-4cc5-8f9c-91a2ccb6ca71/resourceGroups/teste-rg/providers/Microsoft.ApiManagement/service/todolist-apim",
            "identity": [],
            "location": "northcentralus",
            "management_api_url": "",
            "min_api_version": "",
            "name": "todolist-apim",
            "notification_sender_email": "apimgmt-noreply@mail.windowsazure.com",
            "portal_url": "",
            "private_ip_addresses": [],
            "protocols": [
              {
                "enable_http2": false,
                "http2_enabled": false
              }
            ],
            "public_ip_address_id": "",
            "public_ip_addresses": [],
            "public_network_access_enabled": true,
            "publisher_email": "16640171783@cefet-rj.br",
            "publisher_name": "CEFET",
            "resource_group_name": "teste-rg",
            "scm_url": "",
            "security": [
              {
                "backend_ssl30_enabled": false,
                "backend_tls10_enabled": false,
                "backend_tls11_enabled": false,
                "enable_backend_ssl30": false,
                "enable_backend_tls10": false,
                "enable_backend_tls11": false,
                "enable_frontend_ssl30": false,
                "enable_frontend_tls10": false,
                "enable_frontend_tls11": false,
                "frontend_ssl30_enabled": false,
                "frontend_tls10_enabled": false,
                "frontend_tls11_enabled": false,
                "tls_ecdhe_ecdsa_with_aes128_cbc_sha_ciphers_enabled": false,
                "tls_ecdhe_ecdsa_with_aes256_cbc_sha_ciphers_enabled": false,
                "tls_ecdhe_rsa_with_aes128_cbc_sha_ciphers_enabled": false,
                "tls_ecdhe_rsa_with_aes256_cbc_sha_ciphers_enabled": false,
                "tls_rsa_with_aes128_cbc_sha256_ciphers_enabled": false,
                "tls_rsa_with_aes128_cbc_sha_ciphers_enabled": false,
                "tls_rsa_with_aes128_gcm_sha256_ciphers_enabled": false,
                "tls_rsa_with_aes256_cbc_sha256_ciphers_enabled": false,
                "tls_rsa_with_aes256_cbc_sha_ciphers_enabled": false,
                "tls_rsa_with_aes256_gcm_sha384_ciphers_enabled": false,
                "triple_des_ciphers_enabled": false
              }
            ],
            "sign_in": [],
            "sign_up": [],
            "sku_name": "Consumption_0",
            "tags": null,
            "tenant_access": null,
            "timeouts": null,
            "virtual_network_configuration": [],
            "virtual_network_type": "None",
            "zones": null
          },
          "sensitive_attributes": [
            [
              {
                "type": "get_attr",
                "value": "hostname_configuration"
              },
              {
                "type": "index",
                "value": {
                  "value": 0,
                  "type": "number"
                }
              },
              {
                "type": "get_attr",
                "value": "proxy"
              },
              {
                "type": "index",
                "value": {
                  "value": 0,
                  "type": "number"
                }
              },
              {
                "type": "get_attr",
                "value": "certificate"
              }
            ],
            [
              {
                "type": "get_attr",
                "value": "hostname_configuration"
              },
              {
                "type": "index",
                "value": {
                  "value": 0,
                  "type": "number"
                }
              },
              {
                "type": "get_attr",
                "value": "proxy"
              },
              {
                "type": "index",
                "value": {
                  "value": 0,
                  "type": "number"
                }
              },
              {
                "type": "get_attr",
                "value": "certificate_password"
              }
            ]
          ],
          "identity_schema_version": 0,
          "private": "eyJlMmJmYjczMC1lY2FhLTExZTYtOGY4OC0zNDM2M2JjN2M0YzAiOnsiY3JlYXRlIjoxMDgwMDAwMDAwMDAwMCwiZGVsZXRlIjoxMDgwMDAwMDAwMDAwMCwicmVhZCI6MzAwMDAwMDAwMDAwLCJ1cGRhdGUiOjEwODAwMDAwMDAwMDAwfX0=",
          "dependencies": [
            "azurerm_resource_group.rg"
          ]
        }
      ]
    },
    {
      "module": "module.network",
      "mode": "managed",
      "type": "azurerm_network_interface",
      "name": "nic",
      "provider": "provider[\"registry.terraform.io/hashicorp/azurerm\"]",
      "instances": [
        {
          "schema_version": 0,
          "attributes": {
            "accelerated_networking_enabled": false,
            "applied_dns_servers": [],
            "auxiliary_mode": "",
            "auxiliary_sku": "",
            "dns_servers": [],
            "edge_zone": "",
            "id": "/subscriptions/458daca9-4ccb-4cc5-8f9c-91a2ccb6ca71/resourceGroups/teste-rg/providers/Microsoft.Network/networkInterfaces/devops-nic",
            "internal_dns_name_label": "",
            "internal_domain_name_suffix": "mghzjaczwefeznasqrue5gbdjg.ex.internal.cloudapp.net",
            "ip_configuration": [
              {
                "gateway_load_balancer_frontend_ip_configuration_id": "",
                "name": "internal",
                "primary": true,
                "private_ip_address": "10.0.1.4",
                "private_ip_address_allocation": "Dynamic",
                "private_ip_address_version": "IPv4",
                "public_ip_address_id": "/subscriptions/458daca9-4ccb-4cc5-8f9c-91a2ccb6ca71/resourceGroups/teste-rg/providers/Microsoft.Network/publicIPAddresses/devops-public-ip",
                "subnet_id": "/subscriptions/458daca9-4ccb-4cc5-8f9c-91a2ccb6ca71/resourceGroups/teste-rg/providers/Microsoft.Network/virtualNetworks/trabalho-devops-vnet/subnets/devops-subnet"
              }
            ],
            "ip_forwarding_enabled": false,
            "location": "northcentralus",
            "mac_address": "7C-ED-8D-CA-D1-14",
            "name": "devops-nic",
            "private_ip_address": "10.0.1.4",
            "private_ip_addresses": [
              "10.0.1.4"
            ],
            "resource_group_name": "teste-rg",
            "tags": {},
            "timeouts": null,
            "virtual_machine_id": "/subscriptions/458daca9-4ccb-4cc5-8f9c-91a2ccb6ca71/resourceGroups/teste-rg/providers/Microsoft.Compute/virtualMachines/trabalho-devops-vm"
          },
          "sensitive_attributes": [],
          "identity_schema_version": 0,
          "identity": {
            "name": "devops-nic",
            "resource_group_name": "teste-rg",
            "subscription_id": "458daca9-4ccb-4cc5-8f9c-91a2ccb6ca71"
          },
          "private": "eyJlMmJmYjczMC1lY2FhLTExZTYtOGY4OC0zNDM2M2JjN2M0YzAiOnsiY3JlYXRlIjoxODAwMDAwMDAwMDAwLCJkZWxldGUiOjE4MDAwMDAwMDAwMDAsInJlYWQiOjMwMDAwMDAwMDAwMCwidXBkYXRlIjoxODAwMDAwMDAwMDAwfX0=",
          "dependencies": [
            "azurerm_resource_group.rg",
            "module.network.azurerm_public_ip.public_ip",
            "module.network.azurerm_subnet.subnet",
            "module.network.azurerm_virtual_network.vnet"
          ]
        }
      ]
    },
    {
      "module": "module.network",
      "mode": "managed",
      "type": "azurerm_network_interface_security_group_association",
      "name": "association",
      "provider": "provider[\"registry.terraform.io/hashicorp/azurerm\"]",
      "instances": [
        {
          "schema_version": 0,
          "attributes": {
            "id": "/subscriptions/458daca9-4ccb-4cc5-8f9c-91a2ccb6ca71/resourceGroups/teste-rg/providers/Microsoft.Network/networkInterfaces/devops-nic|/subscriptions/458daca9-4ccb-4cc5-8f9c-91a2ccb6ca71/resourceGroups/teste-rg/providers/Microsoft.Network/networkSecurityGroups/devops-nsg",
            "network_interface_id": "/subscriptions/458daca9-4ccb-4cc5-8f9c-91a2ccb6ca71/resourceGroups/teste-rg/providers/Microsoft.Network/networkInterfaces/devops-nic",
            "network_security_group_id": "/subscriptions/458daca9-4ccb-4cc5-8f9c-91a2ccb6ca71/resourceGroups/teste-rg/providers/Microsoft.Network/networkSecurityGroups/devops-nsg",
            "timeouts": null
          },
          "sensitive_attributes": [],
          "identity_schema_version": 0,
          "private": "eyJlMmJmYjczMC1lY2FhLTExZTYtOGY4OC0zNDM2M2JjN2M0YzAiOnsiY3JlYXRlIjoxODAwMDAwMDAwMDAwLCJkZWxldGUiOjE4MDAwMDAwMDAwMDAsInJlYWQiOjMwMDAwMDAwMDAwMH19",
          "dependencies": [
            "azurerm_resource_group.rg",
            "module.network.azurerm_network_interface.nic",
            "module.network.azurerm_network_security_group.nsg",
            "module.network.azurerm_public_ip.public_ip",
            "module.network.azurerm_subnet.subnet",
            "module.network.azurerm_virtual_network.vnet"
          ]
        }
      ]
    },
    {
      "module": "module.network",
      "mode": "managed",
      "type": "azurerm_network_security_group",
      "name": "nsg",
      "provider": "provider[\"registry.terraform.io/hashicorp/azurerm\"]",
      "instances": [
        {
          "schema_version": 0,
          "attributes": {
            "id": "/subscriptions/458daca9-4ccb-4cc5-8f9c-91a2ccb6ca71/resourceGroups/teste-rg/providers/Microsoft.Network/networkSecurityGroups/devops-nsg",
            "location": "northcentralus",
            "name": "devops-nsg",
            "resource_group_name": "teste-rg",
            "security_rule": [
              {
                "access": "Allow",
                "description": "",
                "destination_address_prefix": "*",
                "destination_address_prefixes": [],
                "destination_application_security_group_ids": [],
                "destination_port_range": "22",
                "destination_port_ranges": [],
                "direction": "Inbound",
                "name": "SSH",
                "priority": 1000,
                "protocol": "Tcp",
                "source_address_prefix": "*",
                "source_address_prefixes": [],
                "source_application_security_group_ids": [],
                "source_port_range": "*",
                "source_port_ranges": []
              },
              {
                "access": "Allow",
                "description": "",
                "destination_address_prefix": "*",
                "destination_address_prefixes": [],
                "destination_application_security_group_ids": [],
                "destination_port_range": "443",
                "destination_port_ranges": [],
                "direction": "Inbound",
                "name": "HTTPS",
                "priority": 1020,
                "protocol": "Tcp",
                "source_address_prefix": "*",
                "source_address_prefixes": [],
                "source_application_security_group_ids": [],
                "source_port_range": "*",
                "source_port_ranges": []
              },
              {
                "access": "Allow",
                "description": "",
                "destination_address_prefix": "*",
                "destination_address_prefixes": [],
                "destination_application_security_group_ids": [],
                "destination_port_range": "80",
                "destination_port_ranges": [],
                "direction": "Inbound",
                "name": "HTTP",
                "priority": 1010,
                "protocol": "Tcp",
                "source_address_prefix": "*",
                "source_address_prefixes": [],
                "source_application_security_group_ids": [],
                "source_port_range": "*",
                "source_port_ranges": []
              }
            ],
            "tags": {},
            "timeouts": null
          },
          "sensitive_attributes": [],
          "identity_schema_version": 0,
          "identity": {
            "name": "devops-nsg",
            "resource_group_name": "teste-rg",
            "subscription_id": "458daca9-4ccb-4cc5-8f9c-91a2ccb6ca71"
          },
          "private": "eyJlMmJmYjczMC1lY2FhLTExZTYtOGY4OC0zNDM2M2JjN2M0YzAiOnsiY3JlYXRlIjoxODAwMDAwMDAwMDAwLCJkZWxldGUiOjE4MDAwMDAwMDAwMDAsInJlYWQiOjMwMDAwMDAwMDAwMCwidXBkYXRlIjoxODAwMDAwMDAwMDAwfX0=",
          "dependencies": [
            "azurerm_resource_group.rg"
          ]
        }
      ]
    },
    {
      "module": "module.network",
      "mode": "managed",
      "type": "azurerm_network_security_rule",
      "name": "http",
      "provider": "provider[\"registry.terraform.io/hashicorp/azurerm\"]",
      "instances": [
        {
          "schema_version": 0,
          "attributes": {
            "access": "Allow",
            "description": "",
            "destination_address_prefix": "*",
            "destination_address_prefixes": [],
            "destination_application_security_group_ids": [],
            "destination_port_range": "80",
            "destination_port_ranges": [],
            "direction": "Inbound",
            "id": "/subscriptions/458daca9-4ccb-4cc5-8f9c-91a2ccb6ca71/resourceGroups/teste-rg/providers/Microsoft.Network/networkSecurityGroups/devops-nsg/securityRules/HTTP",
            "name": "HTTP",
            "network_security_group_name": "devops-nsg",
            "priority": 1010,
            "protocol": "Tcp",
            "resource_group_name": "teste-rg",
            "source_address_prefix": "*",
            "source_address_prefixes": [],
            "source_application_security_group_ids": [],
            "source_port_range": "*",
            "source_port_ranges": [],
            "timeouts": null
          },
          "sensitive_attributes": [],
          "identity_schema_version": 0,
          "identity": {
            "name": "HTTP",
            "network_security_group_name": "devops-nsg",
            "resource_group_name": "teste-rg",
            "subscription_id": "458daca9-4ccb-4cc5-8f9c-91a2ccb6ca71"
          },
          "private": "eyJlMmJmYjczMC1lY2FhLTExZTYtOGY4OC0zNDM2M2JjN2M0YzAiOnsiY3JlYXRlIjoxODAwMDAwMDAwMDAwLCJkZWxldGUiOjE4MDAwMDAwMDAwMDAsInJlYWQiOjMwMDAwMDAwMDAwMCwidXBkYXRlIjoxODAwMDAwMDAwMDAwfX0=",
          "dependencies": [
            "azurerm_resource_group.rg",
            "module.network.azurerm_network_security_group.nsg"
          ]
        }
      ]
    },
    {
      "module": "module.network",
      "mode": "managed",
      "type": "azurerm_network_security_rule",
      "name": "https",
      "provider": "provider[\"registry.terraform.io/hashicorp/azurerm\"]",
      "instances": [
        {
          "schema_version": 0,
          "attributes": {
            "access": "Allow",
            "description": "",
            "destination_address_prefix": "*",
            "destination_address_prefixes": [],
            "destination_application_security_group_ids": [],
            "destination_port_range": "443",
            "destination_port_ranges": [],
            "direction": "Inbound",
            "id": "/subscriptions/458daca9-4ccb-4cc5-8f9c-91a2ccb6ca71/resourceGroups/teste-rg/providers/Microsoft.Network/networkSecurityGroups/devops-nsg/securityRules/HTTPS",
            "name": "HTTPS",
            "network_security_group_name": "devops-nsg",
            "priority": 1020,
            "protocol": "Tcp",
            "resource_group_name": "teste-rg",
            "source_address_prefix": "*",
            "source_address_prefixes": [],
            "source_application_security_group_ids": [],
            "source_port_range": "*",
            "source_port_ranges": [],
            "timeouts": null
          },
          "sensitive_attributes": [],
          "identity_schema_version": 0,
          "identity": {
            "name": "HTTPS",
            "network_security_group_name": "devops-nsg",
            "resource_group_name": "teste-rg",
            "subscription_id": "458daca9-4ccb-4cc5-8f9c-91a2ccb6ca71"
          },
          "private": "eyJlMmJmYjczMC1lY2FhLTExZTYtOGY4OC0zNDM2M2JjN2M0YzAiOnsiY3JlYXRlIjoxODAwMDAwMDAwMDAwLCJkZWxldGUiOjE4MDAwMDAwMDAwMDAsInJlYWQiOjMwMDAwMDAwMDAwMCwidXBkYXRlIjoxODAwMDAwMDAwMDAwfX0=",
          "dependencies": [
            "azurerm_resource_group.rg",
            "module.network.azurerm_network_security_group.nsg"
          ]
        }
      ]
    },
    {
      "module": "module.network",
      "mode": "managed",
      "type": "azurerm_network_security_rule",
      "name": "ssh",
      "provider": "provider[\"registry.terraform.io/hashicorp/azurerm\"]",
      "instances": [
        {
          "schema_version": 0,
          "attributes": {
            "access": "Allow",
            "description": "",
            "destination_address_prefix": "*",
            "destination_address_prefixes": [],
            "destination_application_security_group_ids": [],
            "destination_port_range": "22",
            "destination_port_ranges": [],
            "direction": "Inbound",
            "id": "/subscriptions/458daca9-4ccb-4cc5-8f9c-91a2ccb6ca71/resourceGroups/teste-rg/providers/Microsoft.Network/networkSecurityGroups/devops-nsg/securityRules/SSH",
            "name": "SSH",
            "network_security_group_name": "devops-nsg",
            "priority": 1000,
            "protocol": "Tcp",
            "resource_group_name": "teste-rg",
            "source_address_prefix": "*",
            "source_address_prefixes": [],
            "source_application_security_group_ids": [],
            "source_port_range": "*",
            "source_port_ranges": [],
            "timeouts": null
          },
          "sensitive_attributes": [],
          "identity_schema_version": 0,
          "identity": {
            "name": "SSH",
            "network_security_group_name": "devops-nsg",
            "resource_group_name": "teste-rg",
            "subscription_id": "458daca9-4ccb-4cc5-8f9c-91a2ccb6ca71"
          },
          "private": "eyJlMmJmYjczMC1lY2FhLTExZTYtOGY4OC0zNDM2M2JjN2M0YzAiOnsiY3JlYXRlIjoxODAwMDAwMDAwMDAwLCJkZWxldGUiOjE4MDAwMDAwMDAwMDAsInJlYWQiOjMwMDAwMDAwMDAwMCwidXBkYXRlIjoxODAwMDAwMDAwMDAwfX0=",
          "dependencies": [
            "azurerm_resource_group.rg",
            "module.network.azurerm_network_security_group.nsg"
          ]
        }
      ]
    },
    {
      "module": "module.network",
      "mode": "managed",
      "type": "azurerm_public_ip",
      "name": "public_ip",
      "provider": "provider[\"registry.terraform.io/hashicorp/azurerm\"]",
      "instances": [
        {
          "schema_version": 0,
          "attributes": {
            "allocation_method": "Static",
            "ddos_protection_mode": "VirtualNetworkInherited",
            "ddos_protection_plan_id": null,
            "domain_name_label": "",
            "domain_name_label_scope": "",
            "edge_zone": "",
            "fqdn": "",
            "id": "/subscriptions/458daca9-4ccb-4cc5-8f9c-91a2ccb6ca71/resourceGroups/teste-rg/providers/Microsoft.Network/publicIPAddresses/devops-public-ip",
            "idle_timeout_in_minutes": 4,
            "ip_address": "130.131.8.46",
            "ip_tags": {},
            "ip_version": "IPv4",
            "location": "northcentralus",
            "name": "devops-public-ip",
            "public_ip_prefix_id": null,
            "resource_group_name": "teste-rg",
            "reverse_fqdn": "",
            "sku": "Standard",
            "sku_tier": "Regional",
            "tags": {},
            "timeouts": null,
            "zones": []
          },
          "sensitive_attributes": [],
          "identity_schema_version": 0,
          "identity": {
            "name": "devops-public-ip",
            "resource_group_name": "teste-rg",
            "subscription_id": "458daca9-4ccb-4cc5-8f9c-91a2ccb6ca71"
          },
          "private": "eyJlMmJmYjczMC1lY2FhLTExZTYtOGY4OC0zNDM2M2JjN2M0YzAiOnsiY3JlYXRlIjoxODAwMDAwMDAwMDAwLCJkZWxldGUiOjE4MDAwMDAwMDAwMDAsInJlYWQiOjMwMDAwMDAwMDAwMCwidXBkYXRlIjoxODAwMDAwMDAwMDAwfX0=",
          "dependencies": [
            "azurerm_resource_group.rg"
          ]
        }
      ]
    },
    {
      "module": "module.network",
      "mode": "managed",
      "type": "azurerm_subnet",
      "name": "subnet",
      "provider": "provider[\"registry.terraform.io/hashicorp/azurerm\"]",
      "instances": [
        {
          "schema_version": 0,
          "attributes": {
            "address_prefixes": [
              "10.0.1.0/24"
            ],
            "default_outbound_access_enabled": true,
            "delegation": [],
            "id": "/subscriptions/458daca9-4ccb-4cc5-8f9c-91a2ccb6ca71/resourceGroups/teste-rg/providers/Microsoft.Network/virtualNetworks/trabalho-devops-vnet/subnets/devops-subnet",
            "ip_address_pool": [],
            "name": "devops-subnet",
            "private_endpoint_network_policies": "Disabled",
            "private_link_service_network_policies_enabled": true,
            "resource_group_name": "teste-rg",
            "service_endpoint_policy_ids": [],
            "service_endpoints": [],
            "sharing_scope": "",
            "timeouts": null,
            "virtual_network_name": "trabalho-devops-vnet"
          },
          "sensitive_attributes": [],
          "identity_schema_version": 0,
          "identity": {
            "name": "devops-subnet",
            "resource_group_name": "teste-rg",
            "subscription_id": "458daca9-4ccb-4cc5-8f9c-91a2ccb6ca71",
            "virtual_network_name": "trabalho-devops-vnet"
          },
          "private": "eyJlMmJmYjczMC1lY2FhLTExZTYtOGY4OC0zNDM2M2JjN2M0YzAiOnsiY3JlYXRlIjoxODAwMDAwMDAwMDAwLCJkZWxldGUiOjE4MDAwMDAwMDAwMDAsInJlYWQiOjMwMDAwMDAwMDAwMCwidXBkYXRlIjoxODAwMDAwMDAwMDAwfX0=",
          "dependencies": [
            "azurerm_resource_group.rg",
            "module.network.azurerm_virtual_network.vnet"
          ]
        }
      ]
    },
    {
      "module": "module.network",
      "mode": "managed",
      "type": "azurerm_virtual_network",
      "name": "vnet",
      "provider": "provider[\"registry.terraform.io/hashicorp/azurerm\"]",
      "instances": [
        {
          "schema_version": 0,
          "attributes": {
            "address_space": [
              "10.0.0.0/16"
            ],
            "bgp_community": "",
            "ddos_protection_plan": [],
            "dns_servers": [],
            "edge_zone": "",
            "encryption": [],
            "flow_timeout_in_minutes": 0,
            "guid": "80948f61-b159-4c0a-b412-84684f98234e",
            "id": "/subscriptions/458daca9-4ccb-4cc5-8f9c-91a2ccb6ca71/resourceGroups/teste-rg/providers/Microsoft.Network/virtualNetworks/trabalho-devops-vnet",
            "ip_address_pool": [],
            "location": "northcentralus",
            "name": "trabalho-devops-vnet",
            "private_endpoint_vnet_policies": "Disabled",
            "resource_group_name": "teste-rg",
            "subnet": [
              {
                "address_prefixes": [
                  "10.0.1.0/24"
                ],
                "default_outbound_access_enabled": true,
                "delegation": [],
                "id": "/subscriptions/458daca9-4ccb-4cc5-8f9c-91a2ccb6ca71/resourceGroups/teste-rg/providers/Microsoft.Network/virtualNetworks/trabalho-devops-vnet/subnets/devops-subnet",
                "name": "devops-subnet",
                "private_endpoint_network_policies": "Disabled",
                "private_link_service_network_policies_enabled": true,
                "route_table_id": "",
                "security_group": "",
                "service_endpoint_policy_ids": [],
                "service_endpoints": []
              }
            ],
            "tags": {},
            "timeouts": null
          },
          "sensitive_attributes": [],
          "identity_schema_version": 0,
          "identity": {
            "name": "trabalho-devops-vnet",
            "resource_group_name": "teste-rg",
            "subscription_id": "458daca9-4ccb-4cc5-8f9c-91a2ccb6ca71"
          },
          "private": "eyJlMmJmYjczMC1lY2FhLTExZTYtOGY4OC0zNDM2M2JjN2M0YzAiOnsiY3JlYXRlIjoxODAwMDAwMDAwMDAwLCJkZWxldGUiOjE4MDAwMDAwMDAwMDAsInJlYWQiOjMwMDAwMDAwMDAwMCwidXBkYXRlIjoxODAwMDAwMDAwMDAwfX0=",
          "dependencies": [
            "azurerm_resource_group.rg"
          ]
        }
      ]
    },
    {
      "module": "module.storage",
      "mode": "managed",
      "type": "azurerm_managed_disk",
      "name": "postgres_disk",
      "provider": "provider[\"registry.terraform.io/hashicorp/azurerm\"]",
      "instances": [
        {
          "schema_version": 1,
          "attributes": {
            "create_option": "Empty",
            "disk_access_id": "",
            "disk_encryption_set_id": "",
            "disk_iops_read_only": 0,
            "disk_iops_read_write": 500,
            "disk_mbps_read_only": 0,
            "disk_mbps_read_write": 60,
            "disk_size_gb": 20,
            "edge_zone": "",
            "encryption_settings": [],
            "gallery_image_reference_id": "",
            "hyper_v_generation": "",
            "id": "/subscriptions/458daca9-4ccb-4cc5-8f9c-91a2ccb6ca71/resourceGroups/teste-rg/providers/Microsoft.Compute/disks/postgres-disk",
            "image_reference_id": "",
            "location": "northcentralus",
            "logical_sector_size": null,
            "max_shares": 0,
            "name": "postgres-disk",
            "network_access_policy": "AllowAll",
            "on_demand_bursting_enabled": false,
            "optimized_frequent_attach_enabled": false,
            "os_type": "",
            "performance_plus_enabled": false,
            "public_network_access_enabled": true,
            "resource_group_name": "teste-rg",
            "secure_vm_disk_encryption_set_id": "",
            "security_type": "",
            "source_resource_id": "",
            "source_uri": "",
            "storage_account_id": "",
            "storage_account_type": "Standard_LRS",
            "tags": {},
            "tier": "",
            "timeouts": null,
            "trusted_launch_enabled": false,
            "upload_size_bytes": 0,
            "zone": ""
          },
          "sensitive_attributes": [],
          "identity_schema_version": 0,
          "identity": {
            "name": "postgres-disk",
            "resource_group_name": "teste-rg",
            "subscription_id": "458daca9-4ccb-4cc5-8f9c-91a2ccb6ca71"
          },
          "private": "eyJlMmJmYjczMC1lY2FhLTExZTYtOGY4OC0zNDM2M2JjN2M0YzAiOnsiY3JlYXRlIjoxODAwMDAwMDAwMDAwLCJkZWxldGUiOjE4MDAwMDAwMDAwMDAsInJlYWQiOjMwMDAwMDAwMDAwMCwidXBkYXRlIjoxODAwMDAwMDAwMDAwfSwic2NoZW1hX3ZlcnNpb24iOiIxIn0=",
          "dependencies": [
            "azurerm_resource_group.rg"
          ]
        }
      ]
    }
  ],
  "check_results": null
}
